
Microsoft Visual Studio Solution File, Format Version 12.00
# Visual Studio 2013
VisualStudioVersion = 12.0.40629.0
MinimumVisualStudioVersion = 10.0.40219.1
Project("{FAE04EC0-301F-11D3-BF4B-00C04F79EFBC}") = "Jojo.Utils.Extensions", "Jojo.Utils.Extensions\Jojo.Utils.Extensions.csproj", "{B39B5930-8087-4D0E-B513-C45103F12C25}"
EndProject
Project("{FAE04EC0-301F-11D3-BF4B-00C04F79EFBC}") = "Jojo.Utils.Helpers", "Jojo.Utils.Helpers\Jojo.Utils.Helpers.csproj", "{00D1C4A2-00F9-4008-B434-48E0A9B346FF}"
EndProject
Project("{FAE04EC0-301F-11D3-BF4B-00C04F79EFBC}") = "Jojo.Utils.Patterns", "Jojo.Utils.Patterns\Jojo.Utils.Patterns.csproj", "{17A59300-860A-491C-B38A-03E7757CF77C}"
EndProject
Global
	GlobalSection(SolutionConfigurationPlatforms) = preSolution
		Debug|Any CPU = Debug|Any CPU
		Release|Any CPU = Release|Any CPU
	EndGlobalSection
	GlobalSection(ProjectConfigurationPlatforms) = postSolution
		{B39B5930-8087-4D0E-B513-C45103F12C25}.Debug|Any CPU.ActiveCfg = Debug|Any CPU
		{B39B5930-8087-4D0E-B513-C45103F12C25}.Debug|Any CPU.Build.0 = Debug|Any CPU
		{B39B5930-8087-4D0E-B513-C45103F12C25}.Release|Any CPU.ActiveCfg = Release|Any CPU
		{B39B5930-8087-4D0E-B513-C45103F12C25}.Release|Any CPU.Build.0 = Release|Any CPU
		{00D1C4A2-00F9-4008-B434-48E0A9B346FF}.Debug|Any CPU.ActiveCfg = Debug|Any CPU
		{00D1C4A2-00F9-4008-B434-48E0A9B346FF}.Debug|Any CPU.Build.0 = Debug|Any CPU
		{00D1C4A2-00F9-4008-B434-48E0A9B346FF}.Release|Any CPU.ActiveCfg = Release|Any CPU
		{00D1C4A2-00F9-4008-B434-48E0A9B346FF}.Release|Any CPU.Build.0 = Release|Any CPU
		{17A59300-860A-491C-B38A-03E7757CF77C}.Debug|Any CPU.ActiveCfg = Debug|Any CPU
		{17A59300-860A-491C-B38A-03E7757CF77C}.Debug|Any CPU.Build.0 = Debug|Any CPU
		{17A59300-860A-491C-B38A-03E7757CF77C}.Release|Any CPU.ActiveCfg = Release|Any CPU
		{17A59300-860A-491C-B38A-03E7757CF77C}.Release|Any CPU.Build.0 = Release|Any CPU
	EndGlobalSection
	GlobalSection(SolutionProperties) = preSolution
		HideSolutionNode = FALSE
	EndGlobalSection
EndGlobal
